
Microsoft Visual Studio Solution File, Format Version 12.00
# Visual Studio Version 17
VisualStudioVersion = 17.11.35327.3
MinimumVisualStudioVersion = 10.0.40219.1
Project("{FAE04EC0-301F-11D3-BF4B-00C04F79EFBC}") = "QuanLyQuanCafe", "QuanLyQuanCafe.csproj", "{831438F0-54AD-4D26-9278-F62C607DF751}"
EndProject
Project("{54435603-DBB4-11D2-8724-00A0C9A8B90C}") = "Setup1", "..\Setup1\Setup1.vdproj", "{8F24998D-5710-4A17-8DD6-34A8D7F3D513}"
EndProject
Global
	GlobalSection(SolutionConfigurationPlatforms) = preSolution
		Debug|Any CPU = Debug|Any CPU
		Release|Any CPU = Release|Any CPU
	EndGlobalSection
	GlobalSection(ProjectConfigurationPlatforms) = postSolution
		{831438F0-54AD-4D26-9278-F62C607DF751}.Debug|Any CPU.ActiveCfg = Debug|Any CPU
		{831438F0-54AD-4D26-9278-F62C607DF751}.Debug|Any CPU.Build.0 = Debug|Any CPU
		{831438F0-54AD-4D26-9278-F62C607DF751}.Release|Any CPU.ActiveCfg = Release|Any CPU
		{831438F0-54AD-4D26-9278-F62C607DF751}.Release|Any CPU.Build.0 = Release|Any CPU
		{8F24998D-5710-4A17-8DD6-34A8D7F3D513}.Debug|Any CPU.ActiveCfg = Debug
		{8F24998D-5710-4A17-8DD6-34A8D7F3D513}.Release|Any CPU.ActiveCfg = Release
	EndGlobalSection
	GlobalSection(SolutionProperties) = preSolution
		HideSolutionNode = FALSE
	EndGlobalSection
	GlobalSection(ExtensibilityGlobals) = postSolution
		SolutionGuid = {3D6F451E-C030-4E1C-9A56-F8A76C641BFA}
	EndGlobalSection
EndGlobal
